
Microsoft Visual Studio Solution File, Format Version 12.00
# Visual Studio Version 16
VisualStudioVersion = 16.0.29806.167
MinimumVisualStudioVersion = 10.0.40219.1
Project("{8BC9CEB8-8B4A-11D0-8D11-00A0C91BC942}") = "gta_sa-showMsg", "src/gta_sa-showMsg.vcxproj", "{11D5D617-4C46-4805-BD55-573B12BDB04F}"
EndProject
Global
	GlobalSection(SolutionConfigurationPlatforms) = preSolution
		Debug|x86 = Debug|x86
		Release|x86 = Release|x86
	EndGlobalSection
	GlobalSection(ProjectConfigurationPlatforms) = postSolution
		{11D5D617-4C46-4805-BD55-573B12BDB04F}.Debug|x86.ActiveCfg = Debug|Win32
		{11D5D617-4C46-4805-BD55-573B12BDB04F}.Debug|x86.Build.0 = Debug|Win32
		{11D5D617-4C46-4805-BD55-573B12BDB04F}.Release|x86.ActiveCfg = Release|Win32
		{11D5D617-4C46-4805-BD55-573B12BDB04F}.Release|x86.Build.0 = Release|Win32
	EndGlobalSection
	GlobalSection(SolutionProperties) = preSolution
		HideSolutionNode = FALSE
	EndGlobalSection
	GlobalSection(ExtensibilityGlobals) = postSolution
		SolutionGuid = {24D87241-8CBA-4935-900D-68F506A4B5AD}
	EndGlobalSection
EndGlobal
